
Microsoft Visual Studio Solution File, Format Version 12.00
# Visual Studio Version 17
VisualStudioVersion = 17.4.33122.133
MinimumVisualStudioVersion = 10.0.40219.1
Project("{FAE04EC0-301F-11D3-BF4B-00C04F79EFBC}") = "Infinite.Healthcare.MVC", "Infinite.Healthcare.MVC\Infinite.Healthcare.MVC.csproj", "{815D9B10-51F4-45BB-8C78-BF04DCD4C7CB}"
EndProject
Global
	GlobalSection(SolutionConfigurationPlatforms) = preSolution
		Debug|Any CPU = Debug|Any CPU
		Release|Any CPU = Release|Any CPU
	EndGlobalSection
	GlobalSection(ProjectConfigurationPlatforms) = postSolution
		{815D9B10-51F4-45BB-8C78-BF04DCD4C7CB}.Debug|Any CPU.ActiveCfg = Debug|Any CPU
		{815D9B10-51F4-45BB-8C78-BF04DCD4C7CB}.Debug|Any CPU.Build.0 = Debug|Any CPU
		{815D9B10-51F4-45BB-8C78-BF04DCD4C7CB}.Release|Any CPU.ActiveCfg = Release|Any CPU
		{815D9B10-51F4-45BB-8C78-BF04DCD4C7CB}.Release|Any CPU.Build.0 = Release|Any CPU
	EndGlobalSection
	GlobalSection(SolutionProperties) = preSolution
		HideSolutionNode = FALSE
	EndGlobalSection
	GlobalSection(ExtensibilityGlobals) = postSolution
		SolutionGuid = {8D91E41A-0974-4262-BA7D-A9796F7BAF2F}
	EndGlobalSection
EndGlobal
